{
  "name": "ghost-bunny-cdn-storage",
  "version": "1.1.0",
  "lockfileVersion": 3,
  "requires": true,
  "packages": {
    "": {
      "name": "ghost-bunny-cdn-storage",
      "version": "1.1.0",
      "license": "MIT",
      "dependencies": {
        "ghost-storage-base": "^1.1.1"
      }
    },
    "node_modules/ghost-storage-base": {
      "version": "1.1.1",
      "resolved": "https://registry.npmjs.org/ghost-storage-base/-/ghost-storage-base-1.1.1.tgz",
      "integrity": "sha512-MRokcZctPKO/Oonn2W55dYNZRPn75lBoSdoOc1BtwL7wm/Sq/Qx7ovx1H5seZhCReFs8QOeUXvX9dXuguBSnnQ==",
      "license": "MIT",
      "dependencies": {
        "moment": "2.27.0"
      }
    },
    "node_modules/moment": {
      "version": "2.27.0",
      "resolved": "https://registry.npmjs.org/moment/-/moment-2.27.0.tgz",
      "integrity": "sha512-al0MUK7cpIcglMv3YF13qSgdAIqxHTO7brRtaz3DlSULbqfazqkc5kEjNrLDOM7fsjshoFIihnU8snrP7zUvhQ==",
      "license": "MIT",
      "engines": {
        "node": "*"
      }
    }
  }
}
